Microsoft Visual Studio Solution File, Format Version 11.00
# Visual Studio 2008

Project("{4D6D3BC7-F496-49E5-2A4F-6526051DD184}") = "Project Collect", "Assembly-CSharp-firstpass.csproj", "{8104AD4A-D881-463C-2ECE-A263E65D54E4}"
EndProject
Project("{4D6D3BC7-F496-49E5-2A4F-6526051DD184}") = "Project Collect", "Assembly-CSharp.csproj", "{B6710E2A-6A44-F23D-5101-7677E2DD648E}"
EndProject
Project("{4D6D3BC7-F496-49E5-2A4F-6526051DD184}") = "Project Collect", "Assembly-CSharp-Editor.csproj", "{4C418268-CF7D-F408-E77E-743B304CC3A1}"
EndProject
Global
	GlobalSection(SolutionConfigurationPlatforms) = preSolution
		Debug|Any CPU = Debug|Any CPU
		Release|Any CPU = Release|Any CPU
	EndGlobalSection
	GlobalSection(ProjectConfigurationPlatforms) = postSolution
		{8104AD4A-D881-463C-2ECE-A263E65D54E4}.Debug|Any CPU.ActiveCfg = Debug|Any CPU
		{8104AD4A-D881-463C-2ECE-A263E65D54E4}.Debug|Any CPU.Build.0 = Debug|Any CPU
		{8104AD4A-D881-463C-2ECE-A263E65D54E4}.Release|Any CPU.ActiveCfg = Release|Any CPU
		{8104AD4A-D881-463C-2ECE-A263E65D54E4}.Release|Any CPU.Build.0 = Release|Any CPU
		{B6710E2A-6A44-F23D-5101-7677E2DD648E}.Debug|Any CPU.ActiveCfg = Debug|Any CPU
		{B6710E2A-6A44-F23D-5101-7677E2DD648E}.Debug|Any CPU.Build.0 = Debug|Any CPU
		{B6710E2A-6A44-F23D-5101-7677E2DD648E}.Release|Any CPU.ActiveCfg = Release|Any CPU
		{B6710E2A-6A44-F23D-5101-7677E2DD648E}.Release|Any CPU.Build.0 = Release|Any CPU
		{4C418268-CF7D-F408-E77E-743B304CC3A1}.Debug|Any CPU.ActiveCfg = Debug|Any CPU
		{4C418268-CF7D-F408-E77E-743B304CC3A1}.Debug|Any CPU.Build.0 = Debug|Any CPU
		{4C418268-CF7D-F408-E77E-743B304CC3A1}.Release|Any CPU.ActiveCfg = Release|Any CPU
		{4C418268-CF7D-F408-E77E-743B304CC3A1}.Release|Any CPU.Build.0 = Release|Any CPU
	EndGlobalSection
	GlobalSection(SolutionProperties) = preSolution
		HideSolutionNode = FALSE
	EndGlobalSection
																																									GlobalSection(MonoDevelopProperties) = preSolution
		StartupItem = Assembly-CSharp.csproj
		Policies = $0
		$0.TextStylePolicy = $1
		$1.inheritsSet = null
		$1.scope = text/x-csharp
		$0.CSharpFormattingPolicy = $2
		$2.inheritsSet = Mono
		$2.inheritsScope = text/x-csharp
		$2.scope = text/x-csharp
		$0.TextStylePolicy = $3
		$3.FileWidth = 120
		$3.TabWidth = 4
		$3.EolMarker = Unix
		$3.inheritsSet = Mono
		$3.inheritsScope = text/plain
		$3.scope = text/plain
	EndGlobalSection

EndGlobal
